
Microsoft Visual Studio Solution File, Format Version 12.00
# Visual Studio Version 17
VisualStudioVersion = 17.14.37411.7 d17.14
MinimumVisualStudioVersion = 10.0.40219.1
Project("{FAE04EC0-301F-11D3-BF4B-00C04F79EFBC}") = "GitApp2", "GitApp2\GitApp2.csproj", "{481E3969-6E2A-4050-BD08-0B1299347339}"
EndProject
Global
	GlobalSection(SolutionConfigurationPlatforms) = preSolution
		Debug|Any CPU = Debug|Any CPU
		Release|Any CPU = Release|Any CPU
	EndGlobalSection
	GlobalSection(ProjectConfigurationPlatforms) = postSolution
		{481E3969-6E2A-4050-BD08-0B1299347339}.Debug|Any CPU.ActiveCfg = Debug|Any CPU
		{481E3969-6E2A-4050-BD08-0B1299347339}.Debug|Any CPU.Build.0 = Debug|Any CPU
		{481E3969-6E2A-4050-BD08-0B1299347339}.Release|Any CPU.ActiveCfg = Release|Any CPU
		{481E3969-6E2A-4050-BD08-0B1299347339}.Release|Any CPU.Build.0 = Release|Any CPU
	EndGlobalSection
	GlobalSection(SolutionProperties) = preSolution
		HideSolutionNode = FALSE
	EndGlobalSection
	GlobalSection(ExtensibilityGlobals) = postSolution
		SolutionGuid = {03721010-939D-4BC8-B279-B5CF80064D9B}
	EndGlobalSection
EndGlobal
